
Microsoft Visual Studio Solution File, Format Version 12.00
# Visual Studio Version 16
VisualStudioVersion = 16.0.30204.135
MinimumVisualStudioVersion = 10.0.40219.1
Project("{9A19103F-16F7-4668-BE54-9A1E7A4F7556}") = "YodaClock.WebApi", "YodaClock.WebApi\YodaClock.WebApi.csproj", "{D644A817-1D77-4A98-840F-CB3369696001}"
EndProject
Project("{9A19103F-16F7-4668-BE54-9A1E7A4F7556}") = "YodaClock.DataContext", "YodaClock.DataContext\YodaClock.DataContext.csproj", "{8DFAC1F6-5B03-4969-ADE3-2C9BEB77DF9C}"
EndProject
Global
	GlobalSection(SolutionConfigurationPlatforms) = preSolution
		Debug|Any CPU = Debug|Any CPU
		Release|Any CPU = Release|Any CPU
	EndGlobalSection
	GlobalSection(ProjectConfigurationPlatforms) = postSolution
		{D644A817-1D77-4A98-840F-CB3369696001}.Debug|Any CPU.ActiveCfg = Debug|Any CPU
		{D644A817-1D77-4A98-840F-CB3369696001}.Debug|Any CPU.Build.0 = Debug|Any CPU
		{D644A817-1D77-4A98-840F-CB3369696001}.Release|Any CPU.ActiveCfg = Release|Any CPU
		{D644A817-1D77-4A98-840F-CB3369696001}.Release|Any CPU.Build.0 = Release|Any CPU
		{8DFAC1F6-5B03-4969-ADE3-2C9BEB77DF9C}.Debug|Any CPU.ActiveCfg = Debug|Any CPU
		{8DFAC1F6-5B03-4969-ADE3-2C9BEB77DF9C}.Debug|Any CPU.Build.0 = Debug|Any CPU
		{8DFAC1F6-5B03-4969-ADE3-2C9BEB77DF9C}.Release|Any CPU.ActiveCfg = Release|Any CPU
		{8DFAC1F6-5B03-4969-ADE3-2C9BEB77DF9C}.Release|Any CPU.Build.0 = Release|Any CPU
	EndGlobalSection
	GlobalSection(SolutionProperties) = preSolution
		HideSolutionNode = FALSE
	EndGlobalSection
	GlobalSection(ExtensibilityGlobals) = postSolution
		SolutionGuid = {AF5413F9-DAF1-418D-90AC-79D0E026E9F5}
	EndGlobalSection
EndGlobal
