
Microsoft Visual Studio Solution File, Format Version 12.00
# Visual Studio Version 16
VisualStudioVersion = 16.0.30204.135
MinimumVisualStudioVersion = 10.0.40219.1
Project("{FAE04EC0-301F-11D3-BF4B-00C04F79EFBC}") = "YodaClockWebApi", "..\YodaClock.WebApi\YodaClockWebApi\YodaClockWebApi.csproj", "{82A5A4C4-DAFB-4224-9CBF-C63E353A7EA8}"
EndProject
Global
	GlobalSection(SolutionConfigurationPlatforms) = preSolution
		Debug|Any CPU = Debug|Any CPU
		Release|Any CPU = Release|Any CPU
	EndGlobalSection
	GlobalSection(ProjectConfigurationPlatforms) = postSolution
		{82A5A4C4-DAFB-4224-9CBF-C63E353A7EA8}.Debug|Any CPU.ActiveCfg = Debug|Any CPU
		{82A5A4C4-DAFB-4224-9CBF-C63E353A7EA8}.Debug|Any CPU.Build.0 = Debug|Any CPU
		{82A5A4C4-DAFB-4224-9CBF-C63E353A7EA8}.Release|Any CPU.ActiveCfg = Release|Any CPU
		{82A5A4C4-DAFB-4224-9CBF-C63E353A7EA8}.Release|Any CPU.Build.0 = Release|Any CPU
	EndGlobalSection
	GlobalSection(SolutionProperties) = preSolution
		HideSolutionNode = FALSE
	EndGlobalSection
	GlobalSection(ExtensibilityGlobals) = postSolution
		SolutionGuid = {0377965A-3037-4C95-B76B-7F0B3AB47B6E}
	EndGlobalSection
EndGlobal
